{
  "originHash" : "41f81d22c79de9a254fd85a4a2c53f9c2a3537de119640ff3d2733308ebaba02",
  "pins" : [
    {
      "identity" : "swift-syntax",
      "kind" : "remoteSourceControl",
      "location" : "https://github.com/swiftlang/swift-syntax.git",
      "state" : {
        "revision" : "79e4b74a295b6eb74a8b585e3a39d29e70c1dbd1",
        "version" : "603.0.2"
      }
    },
    {
      "identity" : "swift-testing",
      "kind" : "remoteSourceControl",
      "location" : "https://github.com/swiftlang/swift-testing.git",
      "state" : {
        "branch" : "swift-6.3.2-RELEASE",
        "revision" : "70eff261d7f462cad1fff51e05bcc74aa0b0f420"
      }
    }
  ],
  "version" : 3
}
